
Microsoft Visual Studio Solution File, Format Version 12.00
# Visual Studio Version 17
VisualStudioVersion = 17.4.33213.308
MinimumVisualStudioVersion = 10.0.40219.1
Project("{FAE04EC0-301F-11D3-BF4B-00C04F79EFBC}") = "Benchmarks", "Benchmarks\Benchmarks.csproj", "{98C319CB-C4D6-4427-A4C6-21E0CB7696E6}"
EndProject
Global
	GlobalSection(SolutionConfigurationPlatforms) = preSolution
		Debug|Any CPU = Debug|Any CPU
		Release|Any CPU = Release|Any CPU
	EndGlobalSection
	GlobalSection(ProjectConfigurationPlatforms) = postSolution
		{98C319CB-C4D6-4427-A4C6-21E0CB7696E6}.Debug|Any CPU.ActiveCfg = Debug|Any CPU
		{98C319CB-C4D6-4427-A4C6-21E0CB7696E6}.Debug|Any CPU.Build.0 = Debug|Any CPU
		{98C319CB-C4D6-4427-A4C6-21E0CB7696E6}.Release|Any CPU.ActiveCfg = Release|Any CPU
		{98C319CB-C4D6-4427-A4C6-21E0CB7696E6}.Release|Any CPU.Build.0 = Release|Any CPU
	EndGlobalSection
	GlobalSection(SolutionProperties) = preSolution
		HideSolutionNode = FALSE
	EndGlobalSection
	GlobalSection(ExtensibilityGlobals) = postSolution
		SolutionGuid = {F97E4C99-88DB-488F-9C18-B543ACAA3501}
	EndGlobalSection
EndGlobal
